// !$*UTF8*$!
{
	archiveVersion = 1;
	classes = {
	};
	objectVersion = 46;
	objects = {

/* Begin PBXBuildFile section */
		B92152262668E3F900E84525 /* FQDynamicAnimatorController.m in Sources */ = {isa = PBXBuildFile; fileRef = B92152252668E3F900E84525 /* FQDynamicAnimatorController.m */; };
		B921522C2668E41100E84525 /* FQDynamicAnimatorView.m in Sources */ = {isa = PBXBuildFile; fileRef = B921522B2668E41100E84525 /* FQDynamicAnimatorView.m */; };
		B921526F2669C11F00E84525 /* cpSpace.c in Sources */ = {isa = PBXBuildFile; fileRef = B921524F2669C11F00E84525 /* cpSpace.c */; };
		B92152702669C11F00E84525 /* cpSpaceStep.c in Sources */ = {isa = PBXBuildFile; fileRef = B92152502669C11F00E84525 /* cpSpaceStep.c */; };
		B92152712669C11F00E84525 /* cpVect.c in Sources */ = {isa = PBXBuildFile; fileRef = B92152512669C11F00E84525 /* cpVect.c */; };
		B92152722669C11F00E84525 /* CMakeLists.txt in Resources */ = {isa = PBXBuildFile; fileRef = B92152522669C11F00E84525 /* CMakeLists.txt */; };
		B92152732669C11F00E84525 /* cpGearJoint.c in Sources */ = {isa = PBXBuildFile; fileRef = B92152542669C11F00E84525 /* cpGearJoint.c */; };
		B92152742669C11F00E84525 /* cpGrooveJoint.c in Sources */ = {isa = PBXBuildFile; fileRef = B92152552669C11F00E84525 /* cpGrooveJoint.c */; };
		B92152752669C11F00E84525 /* cpDampedRotarySpring.c in Sources */ = {isa = PBXBuildFile; fileRef = B92152562669C11F00E84525 /* cpDampedRotarySpring.c */; };
		B92152762669C11F00E84525 /* cpPinJoint.c in Sources */ = {isa = PBXBuildFile; fileRef = B92152572669C11F00E84525 /* cpPinJoint.c */; };
		B92152772669C11F00E84525 /* cpPivotJoint.c in Sources */ = {isa = PBXBuildFile; fileRef = B92152582669C11F00E84525 /* cpPivotJoint.c */; };
		B92152782669C11F00E84525 /* cpDampedSpring.c in Sources */ = {isa = PBXBuildFile; fileRef = B92152592669C11F00E84525 /* cpDampedSpring.c */; };
		B92152792669C11F00E84525 /* cpConstraint.c in Sources */ = {isa = PBXBuildFile; fileRef = B921525A2669C11F00E84525 /* cpConstraint.c */; };
		B921527A2669C11F00E84525 /* cpSimpleMotor.c in Sources */ = {isa = PBXBuildFile; fileRef = B921525B2669C11F00E84525 /* cpSimpleMotor.c */; };
		B921527B2669C11F00E84525 /* cpRotaryLimitJoint.c in Sources */ = {isa = PBXBuildFile; fileRef = B921525C2669C11F00E84525 /* cpRotaryLimitJoint.c */; };
		B921527C2669C11F00E84525 /* cpRatchetJoint.c in Sources */ = {isa = PBXBuildFile; fileRef = B921525D2669C11F00E84525 /* cpRatchetJoint.c */; };
		B921527D2669C11F00E84525 /* cpSlideJoint.c in Sources */ = {isa = PBXBuildFile; fileRef = B921525E2669C11F00E84525 /* cpSlideJoint.c */; };
		B921527E2669C11F00E84525 /* cpSpaceQuery.c in Sources */ = {isa = PBXBuildFile; fileRef = B921525F2669C11F00E84525 /* cpSpaceQuery.c */; };
		B921527F2669C11F00E84525 /* cpHashSet.c in Sources */ = {isa = PBXBuildFile; fileRef = B92152612669C11F00E84525 /* cpHashSet.c */; };
		B92152802669C11F00E84525 /* cpBody.c in Sources */ = {isa = PBXBuildFile; fileRef = B92152622669C11F00E84525 /* cpBody.c */; };
		B92152812669C11F00E84525 /* cpSweep1D.c in Sources */ = {isa = PBXBuildFile; fileRef = B92152632669C11F00E84525 /* cpSweep1D.c */; };
		B92152822669C11F00E84525 /* cpShape.c in Sources */ = {isa = PBXBuildFile; fileRef = B92152642669C11F00E84525 /* cpShape.c */; };
		B92152832669C11F00E84525 /* cpCollision.c in Sources */ = {isa = PBXBuildFile; fileRef = B92152652669C11F00E84525 /* cpCollision.c */; };
		B92152842669C11F00E84525 /* cpBBTree.c in Sources */ = {isa = PBXBuildFile; fileRef = B92152662669C11F00E84525 /* cpBBTree.c */; };
		B92152852669C11F00E84525 /* cpArray.c in Sources */ = {isa = PBXBuildFile; fileRef = B92152672669C11F00E84525 /* cpArray.c */; };
		B92152862669C12000E84525 /* cpBB.c in Sources */ = {isa = PBXBuildFile; fileRef = B92152682669C11F00E84525 /* cpBB.c */; };
		B92152872669C12000E84525 /* chipmunk.c in Sources */ = {isa = PBXBuildFile; fileRef = B92152692669C11F00E84525 /* chipmunk.c */; };
		B92152882669C12000E84525 /* cpSpaceComponent.c in Sources */ = {isa = PBXBuildFile; fileRef = B921526A2669C11F00E84525 /* cpSpaceComponent.c */; };
		B92152892669C12000E84525 /* cpPolyShape.c in Sources */ = {isa = PBXBuildFile; fileRef = B921526B2669C11F00E84525 /* cpPolyShape.c */; };
		B921528A2669C12000E84525 /* cpSpaceHash.c in Sources */ = {isa = PBXBuildFile; fileRef = B921526C2669C11F00E84525 /* cpSpaceHash.c */; };
		B921528B2669C12000E84525 /* cpArbiter.c in Sources */ = {isa = PBXBuildFile; fileRef = B921526D2669C11F00E84525 /* cpArbiter.c */; };
		B921528C2669C12000E84525 /* cpSpatialIndex.c in Sources */ = {isa = PBXBuildFile; fileRef = B921526E2669C11F00E84525 /* cpSpatialIndex.c */; };
		B92152922669C14300E84525 /* FQChipmunkViewController.m in Sources */ = {isa = PBXBuildFile; fileRef = B92152912669C14300E84525 /* FQChipmunkViewController.m */; };
		B92152982669C16100E84525 /* FQChipmunkView.m in Sources */ = {isa = PBXBuildFile; fileRef = B92152972669C16100E84525 /* FQChipmunkView.m */; };
		B92152A12669C35F00E84525 /* spark.png in Resources */ = {isa = PBXBuildFile; fileRef = B921529D2669C35E00E84525 /* spark.png */; };
		B92152A22669C35F00E84525 /* crate.jpeg in Resources */ = {isa = PBXBuildFile; fileRef = B921529E2669C35E00E84525 /* crate.jpeg */; };
		B92152A32669C35F00E84525 /* brush.png in Resources */ = {isa = PBXBuildFile; fileRef = B921529F2669C35F00E84525 /* brush.png */; };
		B92152A42669C35F00E84525 /* ball.jpeg in Resources */ = {isa = PBXBuildFile; fileRef = B92152A02669C35F00E84525 /* ball.jpeg */; };
		B9B580FF1F00B20B00E86724 /* main.m in Sources */ = {isa = PBXBuildFile; fileRef = B9B580FE1F00B20B00E86724 /* main.m */; };
		B9B581021F00B20B00E86724 /* AppDelegate.m in Sources */ = {isa = PBXBuildFile; fileRef = B9B581011F00B20B00E86724 /* AppDelegate.m */; };
		B9B581051F00B20B00E86724 /* ViewController.m in Sources */ = {isa = PBXBuildFile; fileRef = B9B581041F00B20B00E86724 /* ViewController.m */; };
		B9B581081F00B20B00E86724 /* Main.storyboard in Resources */ = {isa = PBXBuildFile; fileRef = B9B581061F00B20B00E86724 /* Main.storyboard */; };
		B9B5810A1F00B20B00E86724 /* Assets.xcassets in Resources */ = {isa = PBXBuildFile; fileRef = B9B581091F00B20B00E86724 /* Assets.xcassets */; };
		B9B5810D1F00B20B00E86724 /* LaunchScreen.storyboard in Resources */ = {isa = PBXBuildFile; fileRef = B9B5810B1F00B20B00E86724 /* LaunchScreen.storyboard */; };
		B9B581181F00B20B00E86724 /* FQAnimationSampleTests.m in Sources */ = {isa = PBXBuildFile; fileRef = B9B581171F00B20B00E86724 /* FQAnimationSampleTests.m */; };
		B9B581231F00B20B00E86724 /* FQAnimationSampleUITests.m in Sources */ = {isa = PBXBuildFile; fileRef = B9B581221F00B20B00E86724 /* FQAnimationSampleUITests.m */; };
		B9B5813D1F00B2E000E86724 /* FQ3DScrollViewController.m in Sources */ = {isa = PBXBuildFile; fileRef = B9B581311F00B2E000E86724 /* FQ3DScrollViewController.m */; };
		B9B5813E1F00B2E000E86724 /* FQRollerCoasterViewController.m in Sources */ = {isa = PBXBuildFile; fileRef = B9B581331F00B2E000E86724 /* FQRollerCoasterViewController.m */; };
		B9B5813F1F00B2E000E86724 /* FQWaveViewController.m in Sources */ = {isa = PBXBuildFile; fileRef = B9B581351F00B2E000E86724 /* FQWaveViewController.m */; };
		B9B581401F00B2E000E86724 /* FQ3DLoopScrollView.m in Sources */ = {isa = PBXBuildFile; fileRef = B9B581381F00B2E000E86724 /* FQ3DLoopScrollView.m */; };
		B9B581411F00B2E000E86724 /* FQRollerCoasterView.m in Sources */ = {isa = PBXBuildFile; fileRef = B9B5813A1F00B2E000E86724 /* FQRollerCoasterView.m */; };
		B9B581421F00B2E000E86724 /* FQWaveView.m in Sources */ = {isa = PBXBuildFile; fileRef = B9B5813C1F00B2E000E86724 /* FQWaveView.m */; };
/* End PBXBuildFile section */

/* Begin PBXContainerItemProxy section */
		B9B581141F00B20B00E86724 /* PBXContainerItemProxy */ = {
			isa = PBXContainerItemProxy;
			containerPortal = B9B580F21F00B20B00E86724 /* Project object */;
			proxyType = 1;
			remoteGlobalIDString = B9B580F91F00B20B00E86724;
			remoteInfo = FQAnimationSample;
		};
		B9B5811F1F00B20B00E86724 /* PBXContainerItemProxy */ = {
			isa = PBXContainerItemProxy;
			containerPortal = B9B580F21F00B20B00E86724 /* Project object */;
			proxyType = 1;
			remoteGlobalIDString = B9B580F91F00B20B00E86724;
			remoteInfo = FQAnimationSample;
		};
/* End PBXContainerItemProxy section */

/* Begin PBXFileReference section */
		B92152242668E3F900E84525 /* FQDynamicAnimatorController.h */ = {isa = PBXFileReference; lastKnownFileType = sourcecode.c.h; path = FQDynamicAnimatorController.h; sourceTree = "<group>"; };
		B92152252668E3F900E84525 /* FQDynamicAnimatorController.m */ = {isa = PBXFileReference; lastKnownFileType = sourcecode.c.objc; path = FQDynamicAnimatorController.m; sourceTree = "<group>"; };
		B921522A2668E41100E84525 /* FQDynamicAnimatorView.h */ = {isa = PBXFileReference; lastKnownFileType = sourcecode.c.h; path = FQDynamicAnimatorView.h; sourceTree = "<group>"; };
		B921522B2668E41100E84525 /* FQDynamicAnimatorView.m */ = {isa = PBXFileReference; lastKnownFileType = sourcecode.c.objc; path = FQDynamicAnimatorView.m; sourceTree = "<group>"; };
		B92152342669C11F00E84525 /* cpBB.h */ = {isa = PBXFileReference; fileEncoding = 4; lastKnownFileType = sourcecode.c.h; path = cpBB.h; sourceTree = "<group>"; };
		B92152352669C11F00E84525 /* cpArbiter.h */ = {isa = PBXFileReference; fileEncoding = 4; lastKnownFileType = sourcecode.c.h; path = cpArbiter.h; sourceTree = "<group>"; };
		B92152362669C11F00E84525 /* cpPolyShape.h */ = {isa = PBXFileReference; fileEncoding = 4; lastKnownFileType = sourcecode.c.h; path = cpPolyShape.h; sourceTree = "<group>"; };
		B92152372669C11F00E84525 /* chipmunk.h */ = {isa = PBXFileReference; fileEncoding = 4; lastKnownFileType = sourcecode.c.h; path = chipmunk.h; sourceTree = "<group>"; };
		B92152392669C11F00E84525 /* cpConstraint.h */ = {isa = PBXFileReference; fileEncoding = 4; lastKnownFileType = sourcecode.c.h; path = cpConstraint.h; sourceTree = "<group>"; };
		B921523A2669C11F00E84525 /* cpDampedSpring.h */ = {isa = PBXFileReference; fileEncoding = 4; lastKnownFileType = sourcecode.c.h; path = cpDampedSpring.h; sourceTree = "<group>"; };
		B921523B2669C11F00E84525 /* cpRotaryLimitJoint.h */ = {isa = PBXFileReference; fileEncoding = 4; lastKnownFileType = sourcecode.c.h; path = cpRotaryLimitJoint.h; sourceTree = "<group>"; };
		B921523C2669C11F00E84525 /* cpSimpleMotor.h */ = {isa = PBXFileReference; fileEncoding = 4; lastKnownFileType = sourcecode.c.h; path = cpSimpleMotor.h; sourceTree = "<group>"; };
		B921523D2669C11F00E84525 /* cpRatchetJoint.h */ = {isa = PBXFileReference; fileEncoding = 4; lastKnownFileType = sourcecode.c.h; path = cpRatchetJoint.h; sourceTree = "<group>"; };
		B921523E2669C11F00E84525 /* cpSlideJoint.h */ = {isa = PBXFileReference; fileEncoding = 4; lastKnownFileType = sourcecode.c.h; path = cpSlideJoint.h; sourceTree = "<group>"; };
		B921523F2669C11F00E84525 /* cpDampedRotarySpring.h */ = {isa = PBXFileReference; fileEncoding = 4; lastKnownFileType = sourcecode.c.h; path = cpDampedRotarySpring.h; sourceTree = "<group>"; };
		B92152402669C11F00E84525 /* cpGearJoint.h */ = {isa = PBXFileReference; fileEncoding = 4; lastKnownFileType = sourcecode.c.h; path = cpGearJoint.h; sourceTree = "<group>"; };
		B92152412669C11F00E84525 /* util.h */ = {isa = PBXFileReference; fileEncoding = 4; lastKnownFileType = sourcecode.c.h; path = util.h; sourceTree = "<group>"; };
		B92152422669C11F00E84525 /* cpGrooveJoint.h */ = {isa = PBXFileReference; fileEncoding = 4; lastKnownFileType = sourcecode.c.h; path = cpGrooveJoint.h; sourceTree = "<group>"; };
		B92152432669C11F00E84525 /* cpPivotJoint.h */ = {isa = PBXFileReference; fileEncoding = 4; lastKnownFileType = sourcecode.c.h; path = cpPivotJoint.h; sourceTree = "<group>"; };
		B92152442669C11F00E84525 /* cpPinJoint.h */ = {isa = PBXFileReference; fileEncoding = 4; lastKnownFileType = sourcecode.c.h; path = cpPinJoint.h; sourceTree = "<group>"; };
		B92152452669C11F00E84525 /* cpSpatialIndex.h */ = {isa = PBXFileReference; fileEncoding = 4; lastKnownFileType = sourcecode.c.h; path = cpSpatialIndex.h; sourceTree = "<group>"; };
		B92152462669C11F00E84525 /* chipmunk_private.h */ = {isa = PBXFileReference; fileEncoding = 4; lastKnownFileType = sourcecode.c.h; path = chipmunk_private.h; sourceTree = "<group>"; };
		B92152472669C11F00E84525 /* cpVect.h */ = {isa = PBXFileReference; fileEncoding = 4; lastKnownFileType = sourcecode.c.h; path = cpVect.h; sourceTree = "<group>"; };
		B92152482669C11F00E84525 /* cpSpace.h */ = {isa = PBXFileReference; fileEncoding = 4; lastKnownFileType = sourcecode.c.h; path = cpSpace.h; sourceTree = "<group>"; };
		B92152492669C11F00E84525 /* chipmunk_types.h */ = {isa = PBXFileReference; fileEncoding = 4; lastKnownFileType = sourcecode.c.h; path = chipmunk_types.h; sourceTree = "<group>"; };
		B921524A2669C11F00E84525 /* cpShape.h */ = {isa = PBXFileReference; fileEncoding = 4; lastKnownFileType = sourcecode.c.h; path = cpShape.h; sourceTree = "<group>"; };
		B921524B2669C11F00E84525 /* cpBody.h */ = {isa = PBXFileReference; fileEncoding = 4; lastKnownFileType = sourcecode.c.h; path = cpBody.h; sourceTree = "<group>"; };
		B921524C2669C11F00E84525 /* chipmunk_unsafe.h */ = {isa = PBXFileReference; fileEncoding = 4; lastKnownFileType = sourcecode.c.h; path = chipmunk_unsafe.h; sourceTree = "<group>"; };
		B921524D2669C11F00E84525 /* chipmunk_ffi.h */ = {isa = PBXFileReference; fileEncoding = 4; lastKnownFileType = sourcecode.c.h; path = chipmunk_ffi.h; sourceTree = "<group>"; };
		B921524F2669C11F00E84525 /* cpSpace.c */ = {isa = PBXFileReference; fileEncoding = 4; lastKnownFileType = sourcecode.c.c; path = cpSpace.c; sourceTree = "<group>"; };
		B92152502669C11F00E84525 /* cpSpaceStep.c */ = {isa = PBXFileReference; fileEncoding = 4; lastKnownFileType = sourcecode.c.c; path = cpSpaceStep.c; sourceTree = "<group>"; };
		B92152512669C11F00E84525 /* cpVect.c */ = {isa = PBXFileReference; fileEncoding = 4; lastKnownFileType = sourcecode.c.c; path = cpVect.c; sourceTree = "<group>"; };
		B92152522669C11F00E84525 /* CMakeLists.txt */ = {isa = PBXFileReference; fileEncoding = 4; lastKnownFileType = text; path = CMakeLists.txt; sourceTree = "<group>"; };
		B92152542669C11F00E84525 /* cpGearJoint.c */ = {isa = PBXFileReference; fileEncoding = 4; lastKnownFileType = sourcecode.c.c; path = cpGearJoint.c; sourceTree = "<group>"; };
		B92152552669C11F00E84525 /* cpGrooveJoint.c */ = {isa = PBXFileReference; fileEncoding = 4; lastKnownFileType = sourcecode.c.c; path = cpGrooveJoint.c; sourceTree = "<group>"; };
		B92152562669C11F00E84525 /* cpDampedRotarySpring.c */ = {isa = PBXFileReference; fileEncoding = 4; lastKnownFileType = sourcecode.c.c; path = cpDampedRotarySpring.c; sourceTree = "<group>"; };
		B92152572669C11F00E84525 /* cpPinJoint.c */ = {isa = PBXFileReference; fileEncoding = 4; lastKnownFileType = sourcecode.c.c; path = cpPinJoint.c; sourceTree = "<group>"; };
		B92152582669C11F00E84525 /* cpPivotJoint.c */ = {isa = PBXFileReference; fileEncoding = 4; lastKnownFileType = sourcecode.c.c; path = cpPivotJoint.c; sourceTree = "<group>"; };
		B92152592669C11F00E84525 /* cpDampedSpring.c */ = {isa = PBXFileReference; fileEncoding = 4; lastKnownFileType = sourcecode.c.c; path = cpDampedSpring.c; sourceTree = "<group>"; };
		B921525A2669C11F00E84525 /* cpConstraint.c */ = {isa = PBXFileReference; fileEncoding = 4; lastKnownFileType = sourcecode.c.c; path = cpConstraint.c; sourceTree = "<group>"; };
		B921525B2669C11F00E84525 /* cpSimpleMotor.c */ = {isa = PBXFileReference; fileEncoding = 4; lastKnownFileType = sourcecode.c.c; path = cpSimpleMotor.c; sourceTree = "<group>"; };
		B921525C2669C11F00E84525 /* cpRotaryLimitJoint.c */ = {isa = PBXFileReference; fileEncoding = 4; lastKnownFileType = sourcecode.c.c; path = cpRotaryLimitJoint.c; sourceTree = "<group>"; };
		B921525D2669C11F00E84525 /* cpRatchetJoint.c */ = {isa = PBXFileReference; fileEncoding = 4; lastKnownFileType = sourcecode.c.c; path = cpRatchetJoint.c; sourceTree = "<group>"; };
		B921525E2669C11F00E84525 /* cpSlideJoint.c */ = {isa = PBXFileReference; fileEncoding = 4; lastKnownFileType = sourcecode.c.c; path = cpSlideJoint.c; sourceTree = "<group>"; };
		B921525F2669C11F00E84525 /* cpSpaceQuery.c */ = {isa = PBXFileReference; fileEncoding = 4; lastKnownFileType = sourcecode.c.c; path = cpSpaceQuery.c; sourceTree = "<group>"; };
		B92152602669C11F00E84525 /* prime.h */ = {isa = PBXFileReference; fileEncoding = 4; lastKnownFileType = sourcecode.c.h; path = prime.h; sourceTree = "<group>"; };
		B92152612669C11F00E84525 /* cpHashSet.c */ = {isa = PBXFileReference; fileEncoding = 4; lastKnownFileType = sourcecode.c.c; path = cpHashSet.c; sourceTree = "<group>"; };
		B92152622669C11F00E84525 /* cpBody.c */ = {isa = PBXFileReference; fileEncoding = 4; lastKnownFileType = sourcecode.c.c; path = cpBody.c; sourceTree = "<group>"; };
		B92152632669C11F00E84525 /* cpSweep1D.c */ = {isa = PBXFileReference; fileEncoding = 4; lastKnownFileType = sourcecode.c.c; path = cpSweep1D.c; sourceTree = "<group>"; };
		B92152642669C11F00E84525 /* cpShape.c */ = {isa = PBXFileReference; fileEncoding = 4; lastKnownFileType = sourcecode.c.c; path = cpShape.c; sourceTree = "<group>"; };
		B92152652669C11F00E84525 /* cpCollision.c */ = {isa = PBXFileReference; fileEncoding = 4; lastKnownFileType = sourcecode.c.c; path = cpCollision.c; sourceTree = "<group>"; };
		B92152662669C11F00E84525 /* cpBBTree.c */ = {isa = PBXFileReference; fileEncoding = 4; lastKnownFileType = sourcecode.c.c; path = cpBBTree.c; sourceTree = "<group>"; };
		B92152672669C11F00E84525 /* cpArray.c */ = {isa = PBXFileReference; fileEncoding = 4; lastKnownFileType = sourcecode.c.c; path = cpArray.c; sourceTree = "<group>"; };
		B92152682669C11F00E84525 /* cpBB.c */ = {isa = PBXFileReference; fileEncoding = 4; lastKnownFileType = sourcecode.c.c; path = cpBB.c; sourceTree = "<group>"; };
		B92152692669C11F00E84525 /* chipmunk.c */ = {isa = PBXFileReference; fileEncoding = 4; lastKnownFileType = sourcecode.c.c; path = chipmunk.c; sourceTree = "<group>"; };
		B921526A2669C11F00E84525 /* cpSpaceComponent.c */ = {isa = PBXFileReference; fileEncoding = 4; lastKnownFileType = sourcecode.c.c; path = cpSpaceComponent.c; sourceTree = "<group>"; };
		B921526B2669C11F00E84525 /* cpPolyShape.c */ = {isa = PBXFileReference; fileEncoding = 4; lastKnownFileType = sourcecode.c.c; path = cpPolyShape.c; sourceTree = "<group>"; };
		B921526C2669C11F00E84525 /* cpSpaceHash.c */ = {isa = PBXFileReference; fileEncoding = 4; lastKnownFileType = sourcecode.c.c; path = cpSpaceHash.c; sourceTree = "<group>"; };
		B921526D2669C11F00E84525 /* cpArbiter.c */ = {isa = PBXFileReference; fileEncoding = 4; lastKnownFileType = sourcecode.c.c; path = cpArbiter.c; sourceTree = "<group>"; };
		B921526E2669C11F00E84525 /* cpSpatialIndex.c */ = {isa = PBXFileReference; fileEncoding = 4; lastKnownFileType = sourcecode.c.c; path = cpSpatialIndex.c; sourceTree = "<group>"; };
		B92152902669C14300E84525 /* FQChipmunkViewController.h */ = {isa = PBXFileReference; lastKnownFileType = sourcecode.c.h; path = FQChipmunkViewController.h; sourceTree = "<group>"; };
		B92152912669C14300E84525 /* FQChipmunkViewController.m */ = {isa = PBXFileReference; lastKnownFileType = sourcecode.c.objc; path = FQChipmunkViewController.m; sourceTree = "<group>"; };
		B92152962669C16100E84525 /* FQChipmunkView.h */ = {isa = PBXFileReference; lastKnownFileType = sourcecode.c.h; path = FQChipmunkView.h; sourceTree = "<group>"; };
		B92152972669C16100E84525 /* FQChipmunkView.m */ = {isa = PBXFileReference; lastKnownFileType = sourcecode.c.objc; path = FQChipmunkView.m; sourceTree = "<group>"; };
		B921529D2669C35E00E84525 /* spark.png */ = {isa = PBXFileReference; lastKnownFileType = image.png; path = spark.png; sourceTree = "<group>"; };
		B921529E2669C35E00E84525 /* crate.jpeg */ = {isa = PBXFileReference; lastKnownFileType = image.jpeg; path = crate.jpeg; sourceTree = "<group>"; };
		B921529F2669C35F00E84525 /* brush.png */ = {isa = PBXFileReference; lastKnownFileType = image.png; path = brush.png; sourceTree = "<group>"; };
		B92152A02669C35F00E84525 /* ball.jpeg */ = {isa = PBXFileReference; lastKnownFileType = image.jpeg; path = ball.jpeg; sourceTree = "<group>"; };
		B9B580FA1F00B20B00E86724 /* FQAnimationSample.app */ = {isa = PBXFileReference; explicitFileType = wrapper.application; includeInIndex = 0; path = FQAnimationSample.app; sourceTree = BUILT_PRODUCTS_DIR; };
		B9B580FE1F00B20B00E86724 /* main.m */ = {isa = PBXFileReference; lastKnownFileType = sourcecode.c.objc; path = main.m; sourceTree = "<group>"; };
		B9B581001F00B20B00E86724 /* AppDelegate.h */ = {isa = PBXFileReference; lastKnownFileType = sourcecode.c.h; path = AppDelegate.h; sourceTree = "<group>"; };
		B9B581011F00B20B00E86724 /* AppDelegate.m */ = {isa = PBXFileReference; lastKnownFileType = sourcecode.c.objc; path = AppDelegate.m; sourceTree = "<group>"; };
		B9B581031F00B20B00E86724 /* ViewController.h */ = {isa = PBXFileReference; lastKnownFileType = sourcecode.c.h; path = ViewController.h; sourceTree = "<group>"; };
		B9B581041F00B20B00E86724 /* ViewController.m */ = {isa = PBXFileReference; lastKnownFileType = sourcecode.c.objc; path = ViewController.m; sourceTree = "<group>"; };
		B9B581071F00B20B00E86724 /* Base */ = {isa = PBXFileReference; lastKnownFileType = file.storyboard; name = Base; path = Base.lproj/Main.storyboard; sourceTree = "<group>"; };
		B9B581091F00B20B00E86724 /* Assets.xcassets */ = {isa = PBXFileReference; lastKnownFileType = folder.assetcatalog; path = Assets.xcassets; sourceTree = "<group>"; };
		B9B5810C1F00B20B00E86724 /* Base */ = {isa = PBXFileReference; lastKnownFileType = file.storyboard; name = Base; path = Base.lproj/LaunchScreen.storyboard; sourceTree = "<group>"; };
		B9B5810E1F00B20B00E86724 /* Info.plist */ = {isa = PBXFileReference; lastKnownFileType = text.plist.xml; path = Info.plist; sourceTree = "<group>"; };
		B9B581131F00B20B00E86724 /* FQAnimationSampleTests.xctest */ = {isa = PBXFileReference; explicitFileType = wrapper.cfbundle; includeInIndex = 0; path = FQAnimationSampleTests.xctest; sourceTree = BUILT_PRODUCTS_DIR; };
		B9B581171F00B20B00E86724 /* FQAnimationSampleTests.m */ = {isa = PBXFileReference; lastKnownFileType = sourcecode.c.objc; path = FQAnimationSampleTests.m; sourceTree = "<group>"; };
		B9B581191F00B20B00E86724 /* Info.plist */ = {isa = PBXFileReference; lastKnownFileType = text.plist.xml; path = Info.plist; sourceTree = "<group>"; };
		B9B5811E1F00B20B00E86724 /* FQAnimationSampleUITests.xctest */ = {isa = PBXFileReference; explicitFileType = wrapper.cfbundle; includeInIndex = 0; path = FQAnimationSampleUITests.xctest; sourceTree = BUILT_PRODUCTS_DIR; };
		B9B581221F00B20B00E86724 /* FQAnimationSampleUITests.m */ = {isa = PBXFileReference; lastKnownFileType = sourcecode.c.objc; path = FQAnimationSampleUITests.m; sourceTree = "<group>"; };
		B9B581241F00B20B00E86724 /* Info.plist */ = {isa = PBXFileReference; lastKnownFileType = text.plist.xml; path = Info.plist; sourceTree = "<group>"; };
		B9B581301F00B2E000E86724 /* FQ3DScrollViewController.h */ = {isa = PBXFileReference; fileEncoding = 4; lastKnownFileType = sourcecode.c.h; path = FQ3DScrollViewController.h; sourceTree = "<group>"; };
		B9B581311F00B2E000E86724 /* FQ3DScrollViewController.m */ = {isa = PBXFileReference; fileEncoding = 4; lastKnownFileType = sourcecode.c.objc; path = FQ3DScrollViewController.m; sourceTree = "<group>"; };
		B9B581321F00B2E000E86724 /* FQRollerCoasterViewController.h */ = {isa = PBXFileReference; fileEncoding = 4; lastKnownFileType = sourcecode.c.h; path = FQRollerCoasterViewController.h; sourceTree = "<group>"; };
		B9B581331F00B2E000E86724 /* FQRollerCoasterViewController.m */ = {isa = PBXFileReference; fileEncoding = 4; lastKnownFileType = sourcecode.c.objc; path = FQRollerCoasterViewController.m; sourceTree = "<group>"; };
		B9B581341F00B2E000E86724 /* FQWaveViewController.h */ = {isa = PBXFileReference; fileEncoding = 4; lastKnownFileType = sourcecode.c.h; path = FQWaveViewController.h; sourceTree = "<group>"; };
		B9B581351F00B2E000E86724 /* FQWaveViewController.m */ = {isa = PBXFileReference; fileEncoding = 4; lastKnownFileType = sourcecode.c.objc; path = FQWaveViewController.m; sourceTree = "<group>"; };
		B9B581371F00B2E000E86724 /* FQ3DLoopScrollView.h */ = {isa = PBXFileReference; fileEncoding = 4; lastKnownFileType = sourcecode.c.h; path = FQ3DLoopScrollView.h; sourceTree = "<group>"; };
		B9B581381F00B2E000E86724 /* FQ3DLoopScrollView.m */ = {isa = PBXFileReference; fileEncoding = 4; lastKnownFileType = sourcecode.c.objc; path = FQ3DLoopScrollView.m; sourceTree = "<group>"; };
		B9B581391F00B2E000E86724 /* FQRollerCoasterView.h */ = {isa = PBXFileReference; fileEncoding = 4; lastKnownFileType = sourcecode.c.h; path = FQRollerCoasterView.h; sourceTree = "<group>"; };
		B9B5813A1F00B2E000E86724 /* FQRollerCoasterView.m */ = {isa = PBXFileReference; fileEncoding = 4; lastKnownFileType = sourcecode.c.objc; path = FQRollerCoasterView.m; sourceTree = "<group>"; };
		B9B5813B1F00B2E000E86724 /* FQWaveView.h */ = {isa = PBXFileReference; fileEncoding = 4; lastKnownFileType = sourcecode.c.h; path = FQWaveView.h; sourceTree = "<group>"; };
		B9B5813C1F00B2E000E86724 /* FQWaveView.m */ = {isa = PBXFileReference; fileEncoding = 4; lastKnownFileType = sourcecode.c.objc; path = FQWaveView.m; sourceTree = "<group>"; };
/* End PBXFileReference section */

/* Begin PBXFrameworksBuildPhase section */
		B9B580F71F00B20B00E86724 /* Frameworks */ = {
			isa = PBXFrameworksBuildPhase;
			buildActionMask = 2147483647;
			files = (
			);
			runOnlyForDeploymentPostprocessing = 0;
		};
		B9B581101F00B20B00E86724 /* Frameworks */ = {
			isa = PBXFrameworksBuildPhase;
			buildActionMask = 2147483647;
			files = (
			);
			runOnlyForDeploymentPostprocessing = 0;
		};
		B9B5811B1F00B20B00E86724 /* Frameworks */ = {
			isa = PBXFrameworksBuildPhase;
			buildActionMask = 2147483647;
			files = (
			);
			runOnlyForDeploymentPostprocessing = 0;
		};
/* End PBXFrameworksBuildPhase section */

/* Begin PBXGroup section */
		B92152302669C0F900E84525 /* Vendor */ = {
			isa = PBXGroup;
			children = (
				B92152312669C11F00E84525 /* chipmunk */,
			);
			path = Vendor;
			sourceTree = "<group>";
		};
		B92152312669C11F00E84525 /* chipmunk */ = {
			isa = PBXGroup;
			children = (
				B92152322669C11F00E84525 /* include */,
				B921524E2669C11F00E84525 /* src */,
			);
			path = chipmunk;
			sourceTree = "<group>";
		};
		B92152322669C11F00E84525 /* include */ = {
			isa = PBXGroup;
			children = (
				B92152332669C11F00E84525 /* chipmunk */,
			);
			path = include;
			sourceTree = "<group>";
		};
		B92152332669C11F00E84525 /* chipmunk */ = {
			isa = PBXGroup;
			children = (
				B92152342669C11F00E84525 /* cpBB.h */,
				B92152352669C11F00E84525 /* cpArbiter.h */,
				B92152362669C11F00E84525 /* cpPolyShape.h */,
				B92152372669C11F00E84525 /* chipmunk.h */,
				B92152382669C11F00E84525 /* constraints */,
				B92152452669C11F00E84525 /* cpSpatialIndex.h */,
				B92152462669C11F00E84525 /* chipmunk_private.h */,
				B92152472669C11F00E84525 /* cpVect.h */,
				B92152482669C11F00E84525 /* cpSpace.h */,
				B92152492669C11F00E84525 /* chipmunk_types.h */,
				B921524A2669C11F00E84525 /* cpShape.h */,
				B921524B2669C11F00E84525 /* cpBody.h */,
				B921524C2669C11F00E84525 /* chipmunk_unsafe.h */,
				B921524D2669C11F00E84525 /* chipmunk_ffi.h */,
			);
			path = chipmunk;
			sourceTree = "<group>";
		};
		B92152382669C11F00E84525 /* constraints */ = {
			isa = PBXGroup;
			children = (
				B92152392669C11F00E84525 /* cpConstraint.h */,
				B921523A2669C11F00E84525 /* cpDampedSpring.h */,
				B921523B2669C11F00E84525 /* cpRotaryLimitJoint.h */,
				B921523C2669C11F00E84525 /* cpSimpleMotor.h */,
				B921523D2669C11F00E84525 /* cpRatchetJoint.h */,
				B921523E2669C11F00E84525 /* cpSlideJoint.h */,
				B921523F2669C11F00E84525 /* cpDampedRotarySpring.h */,
				B92152402669C11F00E84525 /* cpGearJoint.h */,
				B92152412669C11F00E84525 /* util.h */,
				B92152422669C11F00E84525 /* cpGrooveJoint.h */,
				B92152432669C11F00E84525 /* cpPivotJoint.h */,
				B92152442669C11F00E84525 /* cpPinJoint.h */,
			);
			path = constraints;
			sourceTree = "<group>";
		};
		B921524E2669C11F00E84525 /* src */ = {
			isa = PBXGroup;
			children = (
				B921524F2669C11F00E84525 /* cpSpace.c */,
				B92152502669C11F00E84525 /* cpSpaceStep.c */,
				B92152512669C11F00E84525 /* cpVect.c */,
				B92152522669C11F00E84525 /* CMakeLists.txt */,
				B92152532669C11F00E84525 /* constraints */,
				B921525F2669C11F00E84525 /* cpSpaceQuery.c */,
				B92152602669C11F00E84525 /* prime.h */,
				B92152612669C11F00E84525 /* cpHashSet.c */,
				B92152622669C11F00E84525 /* cpBody.c */,
				B92152632669C11F00E84525 /* cpSweep1D.c */,
				B92152642669C11F00E84525 /* cpShape.c */,
				B92152652669C11F00E84525 /* cpCollision.c */,
				B92152662669C11F00E84525 /* cpBBTree.c */,
				B92152672669C11F00E84525 /* cpArray.c */,
				B92152682669C11F00E84525 /* cpBB.c */,
				B92152692669C11F00E84525 /* chipmunk.c */,
				B921526A2669C11F00E84525 /* cpSpaceComponent.c */,
				B921526B2669C11F00E84525 /* cpPolyShape.c */,
				B921526C2669C11F00E84525 /* cpSpaceHash.c */,
				B921526D2669C11F00E84525 /* cpArbiter.c */,
				B921526E2669C11F00E84525 /* cpSpatialIndex.c */,
			);
			path = src;
			sourceTree = "<group>";
		};
		B92152532669C11F00E84525 /* constraints */ = {
			isa = PBXGroup;
			children = (
				B92152542669C11F00E84525 /* cpGearJoint.c */,
				B92152552669C11F00E84525 /* cpGrooveJoint.c */,
				B92152562669C11F00E84525 /* cpDampedRotarySpring.c */,
				B92152572669C11F00E84525 /* cpPinJoint.c */,
				B92152582669C11F00E84525 /* cpPivotJoint.c */,
				B92152592669C11F00E84525 /* cpDampedSpring.c */,
				B921525A2669C11F00E84525 /* cpConstraint.c */,
				B921525B2669C11F00E84525 /* cpSimpleMotor.c */,
				B921525C2669C11F00E84525 /* cpRotaryLimitJoint.c */,
				B921525D2669C11F00E84525 /* cpRatchetJoint.c */,
				B921525E2669C11F00E84525 /* cpSlideJoint.c */,
			);
			path = constraints;
			sourceTree = "<group>";
		};
		B921529C2669C34D00E84525 /* Resources */ = {
			isa = PBXGroup;
			children = (
				B92152A02669C35F00E84525 /* ball.jpeg */,
				B921529F2669C35F00E84525 /* brush.png */,
				B921529E2669C35E00E84525 /* crate.jpeg */,
				B921529D2669C35E00E84525 /* spark.png */,
			);
			path = Resources;
			sourceTree = "<group>";
		};
		B9B580F11F00B20B00E86724 = {
			isa = PBXGroup;
			children = (
				B921529C2669C34D00E84525 /* Resources */,
				B92152302669C0F900E84525 /* Vendor */,
				B9B580FC1F00B20B00E86724 /* FQAnimationSample */,
				B9B581161F00B20B00E86724 /* FQAnimationSampleTests */,
				B9B581211F00B20B00E86724 /* FQAnimationSampleUITests */,
				B9B580FB1F00B20B00E86724 /* Products */,
			);
			sourceTree = "<group>";
		};
		B9B580FB1F00B20B00E86724 /* Products */ = {
			isa = PBXGroup;
			children = (
				B9B580FA1F00B20B00E86724 /* FQAnimationSample.app */,
				B9B581131F00B20B00E86724 /* FQAnimationSampleTests.xctest */,
				B9B5811E1F00B20B00E86724 /* FQAnimationSampleUITests.xctest */,
			);
			name = Products;
			sourceTree = "<group>";
		};
		B9B580FC1F00B20B00E86724 /* FQAnimationSample */ = {
			isa = PBXGroup;
			children = (
				B9B581301F00B2E000E86724 /* FQ3DScrollViewController.h */,
				B9B581311F00B2E000E86724 /* FQ3DScrollViewController.m */,
				B9B581341F00B2E000E86724 /* FQWaveViewController.h */,
				B9B581351F00B2E000E86724 /* FQWaveViewController.m */,
				B9B581321F00B2E000E86724 /* FQRollerCoasterViewController.h */,
				B9B581331F00B2E000E86724 /* FQRollerCoasterViewController.m */,
				B92152242668E3F900E84525 /* FQDynamicAnimatorController.h */,
				B92152252668E3F900E84525 /* FQDynamicAnimatorController.m */,
				B92152902669C14300E84525 /* FQChipmunkViewController.h */,
				B92152912669C14300E84525 /* FQChipmunkViewController.m */,
				B9B581361F00B2E000E86724 /* Views */,
				B9B581001F00B20B00E86724 /* AppDelegate.h */,
				B9B581011F00B20B00E86724 /* AppDelegate.m */,
				B9B581031F00B20B00E86724 /* ViewController.h */,
				B9B581041F00B20B00E86724 /* ViewController.m */,
				B9B581061F00B20B00E86724 /* Main.storyboard */,
				B9B581091F00B20B00E86724 /* Assets.xcassets */,
				B9B5810B1F00B20B00E86724 /* LaunchScreen.storyboard */,
				B9B5810E1F00B20B00E86724 /* Info.plist */,
				B9B580FD1F00B20B00E86724 /* Supporting Files */,
			);
			path = FQAnimationSample;
			sourceTree = "<group>";
		};
		B9B580FD1F00B20B00E86724 /* Supporting Files */ = {
			isa = PBXGroup;
			children = (
				B9B580FE1F00B20B00E86724 /* main.m */,
			);
			name = "Supporting Files";
			sourceTree = "<group>";
		};
		B9B581161F00B20B00E86724 /* FQAnimationSampleTests */ = {
			isa = PBXGroup;
			children = (
				B9B581171F00B20B00E86724 /* FQAnimationSampleTests.m */,
				B9B581191F00B20B00E86724 /* Info.plist */,
			);
			path = FQAnimationSampleTests;
			sourceTree = "<group>";
		};
		B9B581211F00B20B00E86724 /* FQAnimationSampleUITests */ = {
			isa = PBXGroup;
			children = (
				B9B581221F00B20B00E86724 /* FQAnimationSampleUITests.m */,
				B9B581241F00B20B00E86724 /* Info.plist */,
			);
			path = FQAnimationSampleUITests;
			sourceTree = "<group>";
		};
		B9B581361F00B2E000E86724 /* Views */ = {
			isa = PBXGroup;
			children = (
				B9B581371F00B2E000E86724 /* FQ3DLoopScrollView.h */,
				B9B581381F00B2E000E86724 /* FQ3DLoopScrollView.m */,
				B9B5813B1F00B2E000E86724 /* FQWaveView.h */,
				B9B5813C1F00B2E000E86724 /* FQWaveView.m */,
				B9B581391F00B2E000E86724 /* FQRollerCoasterView.h */,
				B9B5813A1F00B2E000E86724 /* FQRollerCoasterView.m */,
				B921522A2668E41100E84525 /* FQDynamicAnimatorView.h */,
				B921522B2668E41100E84525 /* FQDynamicAnimatorView.m */,
				B92152962669C16100E84525 /* FQChipmunkView.h */,
				B92152972669C16100E84525 /* FQChipmunkView.m */,
			);
			path = Views;
			sourceTree = "<group>";
		};
/* End PBXGroup section */

/* Begin PBXNativeTarget section */
		B9B580F91F00B20B00E86724 /* FQAnimationSample */ = {
			isa = PBXNativeTarget;
			buildConfigurationList = B9B581271F00B20B00E86724 /* Build configuration list for PBXNativeTarget "FQAnimationSample" */;
			buildPhases = (
				B9B580F61F00B20B00E86724 /* Sources */,
				B9B580F71F00B20B00E86724 /* Frameworks */,
				B9B580F81F00B20B00E86724 /* Resources */,
			);
			buildRules = (
			);
			dependencies = (
			);
			name = FQAnimationSample;
			productName = FQAnimationSample;
			productReference = B9B580FA1F00B20B00E86724 /* FQAnimationSample.app */;
			productType = "com.apple.product-type.application";
		};
		B9B581121F00B20B00E86724 /* FQAnimationSampleTests */ = {
			isa = PBXNativeTarget;
			buildConfigurationList = B9B5812A1F00B20B00E86724 /* Build configuration list for PBXNativeTarget "FQAnimationSampleTests" */;
			buildPhases = (
				B9B5810F1F00B20B00E86724 /* Sources */,
				B9B581101F00B20B00E86724 /* Frameworks */,
				B9B581111F00B20B00E86724 /* Resources */,
			);
			buildRules = (
			);
			dependencies = (
				B9B581151F00B20B00E86724 /* PBXTargetDependency */,
			);
			name = FQAnimationSampleTests;
			productName = FQAnimationSampleTests;
			productReference = B9B581131F00B20B00E86724 /* FQAnimationSampleTests.xctest */;
			productType = "com.apple.product-type.bundle.unit-test";
		};
		B9B5811D1F00B20B00E86724 /* FQAnimationSampleUITests */ = {
			isa = PBXNativeTarget;
			buildConfigurationList = B9B5812D1F00B20B00E86724 /* Build configuration list for PBXNativeTarget "FQAnimationSampleUITests" */;
			buildPhases = (
				B9B5811A1F00B20B00E86724 /* Sources */,
				B9B5811B1F00B20B00E86724 /* Frameworks */,
				B9B5811C1F00B20B00E86724 /* Resources */,
			);
			buildRules = (
			);
			dependencies = (
				B9B581201F00B20B00E86724 /* PBXTargetDependency */,
			);
			name = FQAnimationSampleUITests;
			productName = FQAnimationSampleUITests;
			productReference = B9B5811E1F00B20B00E86724 /* FQAnimationSampleUITests.xctest */;
			productType = "com.apple.product-type.bundle.ui-testing";
		};
/* End PBXNativeTarget section */

/* Begin PBXProject section */
		B9B580F21F00B20B00E86724 /* Project object */ = {
			isa = PBXProject;
			attributes = {
				LastUpgradeCheck = 0820;
				ORGANIZATIONNAME = fanqi;
				TargetAttributes = {
					B9B580F91F00B20B00E86724 = {
						CreatedOnToolsVersion = 8.2.1;
						DevelopmentTeam = V6R68WLKP9;
						ProvisioningStyle = Automatic;
					};
					B9B581121F00B20B00E86724 = {
						CreatedOnToolsVersion = 8.2.1;
						DevelopmentTeam = V6R68WLKP9;
						ProvisioningStyle = Automatic;
						TestTargetID = B9B580F91F00B20B00E86724;
					};
					B9B5811D1F00B20B00E86724 = {
						CreatedOnToolsVersion = 8.2.1;
						DevelopmentTeam = V6R68WLKP9;
						ProvisioningStyle = Automatic;
						TestTargetID = B9B580F91F00B20B00E86724;
					};
				};
			};
			buildConfigurationList = B9B580F51F00B20B00E86724 /* Build configuration list for PBXProject "FQAnimationSample" */;
			compatibilityVersion = "Xcode 3.2";
			developmentRegion = English;
			hasScannedForEncodings = 0;
			knownRegions = (
				English,
				en,
				Base,
			);
			mainGroup = B9B580F11F00B20B00E86724;
			productRefGroup = B9B580FB1F00B20B00E86724 /* Products */;
			projectDirPath = "";
			projectRoot = "";
			targets = (
				B9B580F91F00B20B00E86724 /* FQAnimationSample */,
				B9B581121F00B20B00E86724 /* FQAnimationSampleTests */,
				B9B5811D1F00B20B00E86724 /* FQAnimationSampleUITests */,
			);
		};
/* End PBXProject section */

/* Begin PBXResourcesBuildPhase section */
		B9B580F81F00B20B00E86724 /* Resources */ = {
			isa = PBXResourcesBuildPhase;
			buildActionMask = 2147483647;
			files = (
				B92152A42669C35F00E84525 /* ball.jpeg in Resources */,
				B92152A12669C35F00E84525 /* spark.png in Resources */,
				B92152A22669C35F00E84525 /* crate.jpeg in Resources */,
				B92152722669C11F00E84525 /* CMakeLists.txt in Resources */,
				B92152A32669C35F00E84525 /* brush.png in Resources */,
				B9B5810D1F00B20B00E86724 /* LaunchScreen.storyboard in Resources */,
				B9B5810A1F00B20B00E86724 /* Assets.xcassets in Resources */,
				B9B581081F00B20B00E86724 /* Main.storyboard in Resources */,
			);
			runOnlyForDeploymentPostprocessing = 0;
		};
		B9B581111F00B20B00E86724 /* Resources */ = {
			isa = PBXResourcesBuildPhase;
			buildActionMask = 2147483647;
			files = (
			);
			runOnlyForDeploymentPostprocessing = 0;
		};
		B9B5811C1F00B20B00E86724 /* Resources */ = {
			isa = PBXResourcesBuildPhase;
			buildActionMask = 2147483647;
			files = (
			);
			runOnlyForDeploymentPostprocessing = 0;
		};
/* End PBXResourcesBuildPhase section */

/* Begin PBXSourcesBuildPhase section */
		B9B580F61F00B20B00E86724 /* Sources */ = {
			isa = PBXSourcesBuildPhase;
			buildActionMask = 2147483647;
			files = (
				B92152702669C11F00E84525 /* cpSpaceStep.c in Sources */,
				B92152762669C11F00E84525 /* cpPinJoint.c in Sources */,
				B92152842669C11F00E84525 /* cpBBTree.c in Sources */,
				B92152892669C12000E84525 /* cpPolyShape.c in Sources */,
				B921527E2669C11F00E84525 /* cpSpaceQuery.c in Sources */,
				B921527A2669C11F00E84525 /* cpSimpleMotor.c in Sources */,
				B92152832669C11F00E84525 /* cpCollision.c in Sources */,
				B92152852669C11F00E84525 /* cpArray.c in Sources */,
				B92152792669C11F00E84525 /* cpConstraint.c in Sources */,
				B9B5813E1F00B2E000E86724 /* FQRollerCoasterViewController.m in Sources */,
				B921527F2669C11F00E84525 /* cpHashSet.c in Sources */,
				B92152262668E3F900E84525 /* FQDynamicAnimatorController.m in Sources */,
				B92152812669C11F00E84525 /* cpSweep1D.c in Sources */,
				B92152862669C12000E84525 /* cpBB.c in Sources */,
				B9B581051F00B20B00E86724 /* ViewController.m in Sources */,
				B92152872669C12000E84525 /* chipmunk.c in Sources */,
				B921522C2668E41100E84525 /* FQDynamicAnimatorView.m in Sources */,
				B92152772669C11F00E84525 /* cpPivotJoint.c in Sources */,
				B92152822669C11F00E84525 /* cpShape.c in Sources */,
				B9B5813D1F00B2E000E86724 /* FQ3DScrollViewController.m in Sources */,
				B92152712669C11F00E84525 /* cpVect.c in Sources */,
				B92152922669C14300E84525 /* FQChipmunkViewController.m in Sources */,
				B921527B2669C11F00E84525 /* cpRotaryLimitJoint.c in Sources */,
				B92152802669C11F00E84525 /* cpBody.c in Sources */,
				B9B581421F00B2E000E86724 /* FQWaveView.m in Sources */,
				B92152782669C11F00E84525 /* cpDampedSpring.c in Sources */,
				B9B581411F00B2E000E86724 /* FQRollerCoasterView.m in Sources */,
				B92152882669C12000E84525 /* cpSpaceComponent.c in Sources */,
				B92152742669C11F00E84525 /* cpGrooveJoint.c in Sources */,
				B9B581021F00B20B00E86724 /* AppDelegate.m in Sources */,
				B92152982669C16100E84525 /* FQChipmunkView.m in Sources */,
				B9B581401F00B2E000E86724 /* FQ3DLoopScrollView.m in Sources */,
				B921526F2669C11F00E84525 /* cpSpace.c in Sources */,
				B921527D2669C11F00E84525 /* cpSlideJoint.c in Sources */,
				B921527C2669C11F00E84525 /* cpRatchetJoint.c in Sources */,
				B92152752669C11F00E84525 /* cpDampedRotarySpring.c in Sources */,
				B921528C2669C12000E84525 /* cpSpatialIndex.c in Sources */,
				B9B5813F1F00B2E000E86724 /* FQWaveViewController.m in Sources */,
				B921528B2669C12000E84525 /* cpArbiter.c in Sources */,
				B92152732669C11F00E84525 /* cpGearJoint.c in Sources */,
				B9B580FF1F00B20B00E86724 /* main.m in Sources */,
				B921528A2669C12000E84525 /* cpSpaceHash.c in Sources */,
			);
			runOnlyForDeploymentPostprocessing = 0;
		};
		B9B5810F1F00B20B00E86724 /* Sources */ = {
			isa = PBXSourcesBuildPhase;
			buildActionMask = 2147483647;
			files = (
				B9B581181F00B20B00E86724 /* FQAnimationSampleTests.m in Sources */,
			);
			runOnlyForDeploymentPostprocessing = 0;
		};
		B9B5811A1F00B20B00E86724 /* Sources */ = {
			isa = PBXSourcesBuildPhase;
			buildActionMask = 2147483647;
			files = (
				B9B581231F00B20B00E86724 /* FQAnimationSampleUITests.m in Sources */,
			);
			runOnlyForDeploymentPostprocessing = 0;
		};
/* End PBXSourcesBuildPhase section */

/* Begin PBXTargetDependency section */
		B9B581151F00B20B00E86724 /* PBXTargetDependency */ = {
			isa = PBXTargetDependency;
			target = B9B580F91F00B20B00E86724 /* FQAnimationSample */;
			targetProxy = B9B581141F00B20B00E86724 /* PBXContainerItemProxy */;
		};
		B9B581201F00B20B00E86724 /* PBXTargetDependency */ = {
			isa = PBXTargetDependency;
			target = B9B580F91F00B20B00E86724 /* FQAnimationSample */;
			targetProxy = B9B5811F1F00B20B00E86724 /* PBXContainerItemProxy */;
		};
/* End PBXTargetDependency section */

/* Begin PBXVariantGroup section */
		B9B581061F00B20B00E86724 /* Main.storyboard */ = {
			isa = PBXVariantGroup;
			children = (
				B9B581071F00B20B00E86724 /* Base */,
			);
			name = Main.storyboard;
			sourceTree = "<group>";
		};
		B9B5810B1F00B20B00E86724 /* LaunchScreen.storyboard */ = {
			isa = PBXVariantGroup;
			children = (
				B9B5810C1F00B20B00E86724 /* Base */,
			);
			name = LaunchScreen.storyboard;
			sourceTree = "<group>";
		};
/* End PBXVariantGroup section */

/* Begin XCBuildConfiguration section */
		B9B581251F00B20B00E86724 /* Debug */ = {
			isa = XCBuildConfiguration;
			buildSettings = {
				ALWAYS_SEARCH_USER_PATHS = NO;
				CLANG_ANALYZER_NONNULL = YES;
				CLANG_CXX_LANGUAGE_STANDARD = "gnu++0x";
				CLANG_CXX_LIBRARY = "libc++";
				CLANG_ENABLE_MODULES = YES;
				CLANG_ENABLE_OBJC_ARC = YES;
				CLANG_WARN_BOOL_CONVERSION = YES;
				CLANG_WARN_CONSTANT_CONVERSION = YES;
				CLANG_WARN_DIRECT_OBJC_ISA_USAGE = YES_ERROR;
				CLANG_WARN_DOCUMENTATION_COMMENTS = YES;
				CLANG_WARN_EMPTY_BODY = YES;
				CLANG_WARN_ENUM_CONVERSION = YES;
				CLANG_WARN_INFINITE_RECURSION = YES;
				CLANG_WARN_INT_CONVERSION = YES;
				CLANG_WARN_OBJC_ROOT_CLASS = YES_ERROR;
				CLANG_WARN_SUSPICIOUS_MOVE = YES;
				CLANG_WARN_UNREACHABLE_CODE = YES;
				CLANG_WARN__DUPLICATE_METHOD_MATCH = YES;
				"CODE_SIGN_IDENTITY[sdk=iphoneos*]" = "iPhone Developer";
				COPY_PHASE_STRIP = NO;
				DEBUG_INFORMATION_FORMAT = dwarf;
				ENABLE_STRICT_OBJC_MSGSEND = YES;
				ENABLE_TESTABILITY = YES;
				GCC_C_LANGUAGE_STANDARD = gnu99;
				GCC_DYNAMIC_NO_PIC = NO;
				GCC_NO_COMMON_BLOCKS = YES;
				GCC_OPTIMIZATION_LEVEL = 0;
				GCC_PREPROCESSOR_DEFINITIONS = (
					"DEBUG=1",
					"$(inherited)",
				);
				GCC_WARN_64_TO_32_BIT_CONVERSION = YES;
				GCC_WARN_ABOUT_RETURN_TYPE = YES_ERROR;
				GCC_WARN_UNDECLARED_SELECTOR = YES;
				GCC_WARN_UNINITIALIZED_AUTOS = YES_AGGRESSIVE;
				GCC_WARN_UNUSED_FUNCTION = YES;
				GCC_WARN_UNUSED_VARIABLE = YES;
				IPHONEOS_DEPLOYMENT_TARGET = 10.2;
				MTL_ENABLE_DEBUG_INFO = YES;
				ONLY_ACTIVE_ARCH = YES;
				SDKROOT = iphoneos;
			};
			name = Debug;
		};
		B9B581261F00B20B00E86724 /* Release */ = {
			isa = XCBuildConfiguration;
			buildSettings = {
				ALWAYS_SEARCH_USER_PATHS = NO;
				CLANG_ANALYZER_NONNULL = YES;
				CLANG_CXX_LANGUAGE_STANDARD = "gnu++0x";
				CLANG_CXX_LIBRARY = "libc++";
				CLANG_ENABLE_MODULES = YES;
				CLANG_ENABLE_OBJC_ARC = YES;
				CLANG_WARN_BOOL_CONVERSION = YES;
				CLANG_WARN_CONSTANT_CONVERSION = YES;
				CLANG_WARN_DIRECT_OBJC_ISA_USAGE = YES_ERROR;
				CLANG_WARN_DOCUMENTATION_COMMENTS = YES;
				CLANG_WARN_EMPTY_BODY = YES;
				CLANG_WARN_ENUM_CONVERSION = YES;
				CLANG_WARN_INFINITE_RECURSION = YES;
				CLANG_WARN_INT_CONVERSION = YES;
				CLANG_WARN_OBJC_ROOT_CLASS = YES_ERROR;
				CLANG_WARN_SUSPICIOUS_MOVE = YES;
				CLANG_WARN_UNREACHABLE_CODE = YES;
				CLANG_WARN__DUPLICATE_METHOD_MATCH = YES;
				"CODE_SIGN_IDENTITY[sdk=iphoneos*]" = "iPhone Developer";
				COPY_PHASE_STRIP = NO;
				DEBUG_INFORMATION_FORMAT = "dwarf-with-dsym";
				ENABLE_NS_ASSERTIONS = NO;
				ENABLE_STRICT_OBJC_MSGSEND = YES;
				GCC_C_LANGUAGE_STANDARD = gnu99;
				GCC_NO_COMMON_BLOCKS = YES;
				GCC_WARN_64_TO_32_BIT_CONVERSION = YES;
				GCC_WARN_ABOUT_RETURN_TYPE = YES_ERROR;
				GCC_WARN_UNDECLARED_SELECTOR = YES;
				GCC_WARN_UNINITIALIZED_AUTOS = YES_AGGRESSIVE;
				GCC_WARN_UNUSED_FUNCTION = YES;
				GCC_WARN_UNUSED_VARIABLE = YES;
				IPHONEOS_DEPLOYMENT_TARGET = 10.2;
				MTL_ENABLE_DEBUG_INFO = NO;
				SDKROOT = iphoneos;
				VALIDATE_PRODUCT = YES;
			};
			name = Release;
		};
		B9B581281F00B20B00E86724 /* Debug */ = {
			isa = XCBuildConfiguration;
			buildSettings = {
				ASSETCATALOG_COMPILER_APPICON_NAME = AppIcon;
				DEVELOPMENT_TEAM = V6R68WLKP9;
				INFOPLIST_FILE = FQAnimationSample/Info.plist;
				IPHONEOS_DEPLOYMENT_TARGET = 8.0;
				LD_RUNPATH_SEARCH_PATHS = "$(inherited) @executable_path/Frameworks";
				PRODUCT_BUNDLE_IDENTIFIER = qi.fan.FQAnimationSample;
				PRODUCT_NAME = "$(TARGET_NAME)";
			};
			name = Debug;
		};
		B9B581291F00B20B00E86724 /* Release */ = {
			isa = XCBuildConfiguration;
			buildSettings = {
				ASSETCATALOG_COMPILER_APPICON_NAME = AppIcon;
				DEVELOPMENT_TEAM = V6R68WLKP9;
				INFOPLIST_FILE = FQAnimationSample/Info.plist;
				IPHONEOS_DEPLOYMENT_TARGET = 8.0;
				LD_RUNPATH_SEARCH_PATHS = "$(inherited) @executable_path/Frameworks";
				PRODUCT_BUNDLE_IDENTIFIER = qi.fan.FQAnimationSample;
				PRODUCT_NAME = "$(TARGET_NAME)";
			};
			name = Release;
		};
		B9B5812B1F00B20B00E86724 /* Debug */ = {
			isa = XCBuildConfiguration;
			buildSettings = {
				BUNDLE_LOADER = "$(TEST_HOST)";
				DEVELOPMENT_TEAM = V6R68WLKP9;
				INFOPLIST_FILE = FQAnimationSampleTests/Info.plist;
				LD_RUNPATH_SEARCH_PATHS = "$(inherited) @executable_path/Frameworks @loader_path/Frameworks";
				PRODUCT_BUNDLE_IDENTIFIER = qi.fan.FQAnimationSampleTests;
				PRODUCT_NAME = "$(TARGET_NAME)";
				TEST_HOST = "$(BUILT_PRODUCTS_DIR)/FQAnimationSample.app/FQAnimationSample";
			};
			name = Debug;
		};
		B9B5812C1F00B20B00E86724 /* Release */ = {
			isa = XCBuildConfiguration;
			buildSettings = {
				BUNDLE_LOADER = "$(TEST_HOST)";
				DEVELOPMENT_TEAM = V6R68WLKP9;
				INFOPLIST_FILE = FQAnimationSampleTests/Info.plist;
				LD_RUNPATH_SEARCH_PATHS = "$(inherited) @executable_path/Frameworks @loader_path/Frameworks";
				PRODUCT_BUNDLE_IDENTIFIER = qi.fan.FQAnimationSampleTests;
				PRODUCT_NAME = "$(TARGET_NAME)";
				TEST_HOST = "$(BUILT_PRODUCTS_DIR)/FQAnimationSample.app/FQAnimationSample";
			};
			name = Release;
		};
		B9B5812E1F00B20B00E86724 /* Debug */ = {
			isa = XCBuildConfiguration;
			buildSettings = {
				DEVELOPMENT_TEAM = V6R68WLKP9;
				INFOPLIST_FILE = FQAnimationSampleUITests/Info.plist;
				LD_RUNPATH_SEARCH_PATHS = "$(inherited) @executable_path/Frameworks @loader_path/Frameworks";
				PRODUCT_BUNDLE_IDENTIFIER = qi.fan.FQAnimationSampleUITests;
				PRODUCT_NAME = "$(TARGET_NAME)";
				TEST_TARGET_NAME = FQAnimationSample;
			};
			name = Debug;
		};
		B9B5812F1F00B20B00E86724 /* Release */ = {
			isa = XCBuildConfiguration;
			buildSettings = {
				DEVELOPMENT_TEAM = V6R68WLKP9;
				INFOPLIST_FILE = FQAnimationSampleUITests/Info.plist;
				LD_RUNPATH_SEARCH_PATHS = "$(inherited) @executable_path/Frameworks @loader_path/Frameworks";
				PRODUCT_BUNDLE_IDENTIFIER = qi.fan.FQAnimationSampleUITests;
				PRODUCT_NAME = "$(TARGET_NAME)";
				TEST_TARGET_NAME = FQAnimationSample;
			};
			name = Release;
		};
/* End XCBuildConfiguration section */

/* Begin XCConfigurationList section */
		B9B580F51F00B20B00E86724 /* Build configuration list for PBXProject "FQAnimationSample" */ = {
			isa = XCConfigurationList;
			buildConfigurations = (
				B9B581251F00B20B00E86724 /* Debug */,
				B9B581261F00B20B00E86724 /* Release */,
			);
			defaultConfigurationIsVisible = 0;
			defaultConfigurationName = Release;
		};
		B9B581271F00B20B00E86724 /* Build configuration list for PBXNativeTarget "FQAnimationSample" */ = {
			isa = XCConfigurationList;
			buildConfigurations = (
				B9B581281F00B20B00E86724 /* Debug */,
				B9B581291F00B20B00E86724 /* Release */,
			);
			defaultConfigurationIsVisible = 0;
			defaultConfigurationName = Release;
		};
		B9B5812A1F00B20B00E86724 /* Build configuration list for PBXNativeTarget "FQAnimationSampleTests" */ = {
			isa = XCConfigurationList;
			buildConfigurations = (
				B9B5812B1F00B20B00E86724 /* Debug */,
				B9B5812C1F00B20B00E86724 /* Release */,
			);
			defaultConfigurationIsVisible = 0;
			defaultConfigurationName = Release;
		};
		B9B5812D1F00B20B00E86724 /* Build configuration list for PBXNativeTarget "FQAnimationSampleUITests" */ = {
			isa = XCConfigurationList;
			buildConfigurations = (
				B9B5812E1F00B20B00E86724 /* Debug */,
				B9B5812F1F00B20B00E86724 /* Release */,
			);
			defaultConfigurationIsVisible = 0;
			defaultConfigurationName = Release;
		};
/* End XCConfigurationList section */
	};
	rootObject = B9B580F21F00B20B00E86724 /* Project object */;
}
